// !$*UTF8*$!
{
	archiveVersion = 1;
	classes = {
	};
	objectVersion = 46;
	objects = {

/* Begin PBXBuildFile section */
		34FB3A40ADE04A45909E1686 /* libPods.a in Frameworks */ = {isa = PBXBuildFile; fileRef = BE820E82C1C44F5CA76510A5 /* libPods.a */; };
		6A14B57B17D0C07D00A4A454 /* TQTmbrManager.m in Sources */ = {isa = PBXBuildFile; fileRef = 6A14B57A17D0C07D00A4A454 /* TQTmbrManager.m */; };
		6A2F8F3D17D1449400298FFE /* Constants.m in Sources */ = {isa = PBXBuildFile; fileRef = 6A2F8F3C17D1449400298FFE /* Constants.m */; };
		6A3C061E17CEA1C700EEA73D /* TQWebViewController.m in Sources */ = {isa = PBXBuildFile; fileRef = 6A3C061D17CEA1C700EEA73D /* TQWebViewController.m */; };
		6A53037B182393C4007B25B2 /* SecretConstants.m in Sources */ = {isa = PBXBuildFile; fileRef = 6A53037A182393C4007B25B2 /* SecretConstants.m */; };
		6A8CB6B017CE3B8A00E154E3 /* Foundation.framework in Frameworks */ = {isa = PBXBuildFile; fileRef = 6A8CB6AF17CE3B8A00E154E3 /* Foundation.framework */; };
		6A8CB6B217CE3B8A00E154E3 /* CoreGraphics.framework in Frameworks */ = {isa = PBXBuildFile; fileRef = 6A8CB6B117CE3B8A00E154E3 /* CoreGraphics.framework */; };
		6A8CB6B417CE3B8A00E154E3 /* UIKit.framework in Frameworks */ = {isa = PBXBuildFile; fileRef = 6A8CB6B317CE3B8A00E154E3 /* UIKit.framework */; };
		6A8CB6BA17CE3B8A00E154E3 /* InfoPlist.strings in Resources */ = {isa = PBXBuildFile; fileRef = 6A8CB6B817CE3B8A00E154E3 /* InfoPlist.strings */; };
		6A8CB6BC17CE3B8A00E154E3 /* main.m in Sources */ = {isa = PBXBuildFile; fileRef = 6A8CB6BB17CE3B8A00E154E3 /* main.m */; };
		6A8CB6C017CE3B8A00E154E3 /* TQAppDelegate.m in Sources */ = {isa = PBXBuildFile; fileRef = 6A8CB6BF17CE3B8A00E154E3 /* TQAppDelegate.m */; };
		6A8CB6C317CE3B8A00E154E3 /* Main.storyboard in Resources */ = {isa = PBXBuildFile; fileRef = 6A8CB6C117CE3B8A00E154E3 /* Main.storyboard */; };
		6A8CB6C817CE3B8A00E154E3 /* Images.xcassets in Resources */ = {isa = PBXBuildFile; fileRef = 6A8CB6C717CE3B8A00E154E3 /* Images.xcassets */; };
		6A8CB6CF17CE3B8A00E154E3 /* XCTest.framework in Frameworks */ = {isa = PBXBuildFile; fileRef = 6A8CB6CE17CE3B8A00E154E3 /* XCTest.framework */; };
		6A8CB6D017CE3B8A00E154E3 /* Foundation.framework in Frameworks */ = {isa = PBXBuildFile; fileRef = 6A8CB6AF17CE3B8A00E154E3 /* Foundation.framework */; };
		6A8CB6D117CE3B8A00E154E3 /* UIKit.framework in Frameworks */ = {isa = PBXBuildFile; fileRef = 6A8CB6B317CE3B8A00E154E3 /* UIKit.framework */; };
		6A8CB6D917CE3B8A00E154E3 /* InfoPlist.strings in Resources */ = {isa = PBXBuildFile; fileRef = 6A8CB6D717CE3B8A00E154E3 /* InfoPlist.strings */; };
		6A8CB6DB17CE3B8A00E154E3 /* TmbrQuoteTests.m in Sources */ = {isa = PBXBuildFile; fileRef = 6A8CB6DA17CE3B8A00E154E3 /* TmbrQuoteTests.m */; };
		6A8CB6E617CE3D6D00E154E3 /* TQEditorViewController.m in Sources */ = {isa = PBXBuildFile; fileRef = 6A8CB6E517CE3D6D00E154E3 /* TQEditorViewController.m */; };
/* End PBXBuildFile section */

/* Begin PBXContainerItemProxy section */
		6A8CB6D217CE3B8A00E154E3 /* PBXContainerItemProxy */ = {
			isa = PBXContainerItemProxy;
			containerPortal = 6A8CB6A417CE3B8A00E154E3 /* Project object */;
			proxyType = 1;
			remoteGlobalIDString = 6A8CB6AB17CE3B8A00E154E3;
			remoteInfo = TmbrQuote;
		};
/* End PBXContainerItemProxy section */

/* Begin PBXFileReference section */
		6A14B57917D0C07D00A4A454 /* TQTmbrManager.h */ = {isa = PBXFileReference; fileEncoding = 4; lastKnownFileType = sourcecode.c.h; name = TQTmbrManager.h; path = Helper/TQTmbrManager.h; sourceTree = "<group>"; };
		6A14B57A17D0C07D00A4A454 /* TQTmbrManager.m */ = {isa = PBXFileReference; fileEncoding = 4; lastKnownFileType = sourcecode.c.objc; name = TQTmbrManager.m; path = Helper/TQTmbrManager.m; sourceTree = "<group>"; };
		6A2F8F3B17D1449400298FFE /* Constants.h */ = {isa = PBXFileReference; fileEncoding = 4; lastKnownFileType = sourcecode.c.h; path = Constants.h; sourceTree = "<group>"; };
		6A2F8F3C17D1449400298FFE /* Constants.m */ = {isa = PBXFileReference; fileEncoding = 4; lastKnownFileType = sourcecode.c.objc; path = Constants.m; sourceTree = "<group>"; };
		6A3C061C17CEA1C700EEA73D /* TQWebViewController.h */ = {isa = PBXFileReference; fileEncoding = 4; lastKnownFileType = sourcecode.c.h; name = TQWebViewController.h; path = ViewController/TQWebViewController.h; sourceTree = "<group>"; };
		6A3C061D17CEA1C700EEA73D /* TQWebViewController.m */ = {isa = PBXFileReference; fileEncoding = 4; lastKnownFileType = sourcecode.c.objc; name = TQWebViewController.m; path = ViewController/TQWebViewController.m; sourceTree = "<group>"; };
		6A530379182393C4007B25B2 /* SecretConstants.h */ = {isa = PBXFileReference; fileEncoding = 4; lastKnownFileType = sourcecode.c.h; path = SecretConstants.h; sourceTree = "<group>"; };
		6A53037A182393C4007B25B2 /* SecretConstants.m */ = {isa = PBXFileReference; fileEncoding = 4; lastKnownFileType = sourcecode.c.objc; path = SecretConstants.m; sourceTree = "<group>"; };
		6A8CB6AC17CE3B8A00E154E3 /* TmbrQuote.app */ = {isa = PBXFileReference; explicitFileType = wrapper.application; includeInIndex = 0; path = TmbrQuote.app; sourceTree = BUILT_PRODUCTS_DIR; };
		6A8CB6AF17CE3B8A00E154E3 /* Foundation.framework */ = {isa = PBXFileReference; lastKnownFileType = wrapper.framework; name = Foundation.framework; path = System/Library/Frameworks/Foundation.framework; sourceTree = SDKROOT; };
		6A8CB6B117CE3B8A00E154E3 /* CoreGraphics.framework */ = {isa = PBXFileReference; lastKnownFileType = wrapper.framework; name = CoreGraphics.framework; path = System/Library/Frameworks/CoreGraphics.framework; sourceTree = SDKROOT; };
		6A8CB6B317CE3B8A00E154E3 /* UIKit.framework */ = {isa = PBXFileReference; lastKnownFileType = wrapper.framework; name = UIKit.framework; path = System/Library/Frameworks/UIKit.framework; sourceTree = SDKROOT; };
		6A8CB6B717CE3B8A00E154E3 /* TmbrQuote-Info.plist */ = {isa = PBXFileReference; lastKnownFileType = text.plist.xml; path = "TmbrQuote-Info.plist"; sourceTree = "<group>"; };
		6A8CB6B917CE3B8A00E154E3 /* en */ = {isa = PBXFileReference; lastKnownFileType = text.plist.strings; name = en; path = en.lproj/InfoPlist.strings; sourceTree = "<group>"; };
		6A8CB6BB17CE3B8A00E154E3 /* main.m */ = {isa = PBXFileReference; lastKnownFileType = sourcecode.c.objc; path = main.m; sourceTree = "<group>"; };
		6A8CB6BD17CE3B8A00E154E3 /* TmbrQuote-Prefix.pch */ = {isa = PBXFileReference; lastKnownFileType = sourcecode.c.h; path = "TmbrQuote-Prefix.pch"; sourceTree = "<group>"; };
		6A8CB6BE17CE3B8A00E154E3 /* TQAppDelegate.h */ = {isa = PBXFileReference; lastKnownFileType = sourcecode.c.h; path = TQAppDelegate.h; sourceTree = "<group>"; };
		6A8CB6BF17CE3B8A00E154E3 /* TQAppDelegate.m */ = {isa = PBXFileReference; lastKnownFileType = sourcecode.c.objc; path = TQAppDelegate.m; sourceTree = "<group>"; };
		6A8CB6C217CE3B8A00E154E3 /* Base */ = {isa = PBXFileReference; lastKnownFileType = file.storyboard; name = Base; path = Base.lproj/Main.storyboard; sourceTree = "<group>"; };
		6A8CB6C717CE3B8A00E154E3 /* Images.xcassets */ = {isa = PBXFileReference; lastKnownFileType = folder.assetcatalog; path = Images.xcassets; sourceTree = "<group>"; };
		6A8CB6CD17CE3B8A00E154E3 /* TmbrQuoteTests.xctest */ = {isa = PBXFileReference; explicitFileType = wrapper.cfbundle; includeInIndex = 0; path = TmbrQuoteTests.xctest; sourceTree = BUILT_PRODUCTS_DIR; };
		6A8CB6CE17CE3B8A00E154E3 /* XCTest.framework */ = {isa = PBXFileReference; lastKnownFileType = wrapper.framework; name = XCTest.framework; path = Library/Frameworks/XCTest.framework; sourceTree = DEVELOPER_DIR; };
		6A8CB6D617CE3B8A00E154E3 /* TmbrQuoteTests-Info.plist */ = {isa = PBXFileReference; lastKnownFileType = text.plist.xml; path = "TmbrQuoteTests-Info.plist"; sourceTree = "<group>"; };
		6A8CB6D817CE3B8A00E154E3 /* en */ = {isa = PBXFileReference; lastKnownFileType = text.plist.strings; name = en; path = en.lproj/InfoPlist.strings; sourceTree = "<group>"; };
		6A8CB6DA17CE3B8A00E154E3 /* TmbrQuoteTests.m */ = {isa = PBXFileReference; lastKnownFileType = sourcecode.c.objc; path = TmbrQuoteTests.m; sourceTree = "<group>"; };
		6A8CB6E417CE3D6D00E154E3 /* TQEditorViewController.h */ = {isa = PBXFileReference; fileEncoding = 4; lastKnownFileType = sourcecode.c.h; name = TQEditorViewController.h; path = ViewController/TQEditorViewController.h; sourceTree = "<group>"; };
		6A8CB6E517CE3D6D00E154E3 /* TQEditorViewController.m */ = {isa = PBXFileReference; fileEncoding = 4; lastKnownFileType = sourcecode.c.objc; name = TQEditorViewController.m; path = ViewController/TQEditorViewController.m; sourceTree = "<group>"; };
		9AB4F82947A7457F9C61451A /* Pods.xcconfig */ = {isa = PBXFileReference; includeInIndex = 1; lastKnownFileType = text.xcconfig; name = Pods.xcconfig; path = Pods/Pods.xcconfig; sourceTree = SOURCE_ROOT; };
		BE820E82C1C44F5CA76510A5 /* libPods.a */ = {isa = PBXFileReference; explicitFileType = archive.ar; includeInIndex = 0; path = libPods.a; sourceTree = BUILT_PRODUCTS_DIR; };
/* End PBXFileReference section */

/* Begin PBXFrameworksBuildPhase section */
		6A8CB6A917CE3B8A00E154E3 /* Frameworks */ = {
			isa = PBXFrameworksBuildPhase;
			buildActionMask = 2147483647;
			files = (
				6A8CB6B217CE3B8A00E154E3 /* CoreGraphics.framework in Frameworks */,
				6A8CB6B417CE3B8A00E154E3 /* UIKit.framework in Frameworks */,
				6A8CB6B017CE3B8A00E154E3 /* Foundation.framework in Frameworks */,
				34FB3A40ADE04A45909E1686 /* libPods.a in Frameworks */,
			);
			runOnlyForDeploymentPostprocessing = 0;
		};
		6A8CB6CA17CE3B8A00E154E3 /* Frameworks */ = {
			isa = PBXFrameworksBuildPhase;
			buildActionMask = 2147483647;
			files = (
				6A8CB6CF17CE3B8A00E154E3 /* XCTest.framework in Frameworks */,
				6A8CB6D117CE3B8A00E154E3 /* UIKit.framework in Frameworks */,
				6A8CB6D017CE3B8A00E154E3 /* Foundation.framework in Frameworks */,
			);
			runOnlyForDeploymentPostprocessing = 0;
		};
/* End PBXFrameworksBuildPhase section */

/* Begin PBXGroup section */
		6A14B57717D0C02700A4A454 /* Helper */ = {
			isa = PBXGroup;
			children = (
				6A14B57917D0C07D00A4A454 /* TQTmbrManager.h */,
				6A14B57A17D0C07D00A4A454 /* TQTmbrManager.m */,
			);
			name = Helper;
			sourceTree = "<group>";
		};
		6A14B57817D0C03700A4A454 /* ViewController */ = {
			isa = PBXGroup;
			children = (
				6A3C061C17CEA1C700EEA73D /* TQWebViewController.h */,
				6A3C061D17CEA1C700EEA73D /* TQWebViewController.m */,
				6A8CB6E417CE3D6D00E154E3 /* TQEditorViewController.h */,
				6A8CB6E517CE3D6D00E154E3 /* TQEditorViewController.m */,
			);
			name = ViewController;
			sourceTree = "<group>";
		};
		6A8CB6A317CE3B8A00E154E3 = {
			isa = PBXGroup;
			children = (
				6A8CB6B517CE3B8A00E154E3 /* TmbrQuote */,
				6A8CB6D417CE3B8A00E154E3 /* TmbrQuoteTests */,
				6A8CB6AE17CE3B8A00E154E3 /* Frameworks */,
				6A8CB6AD17CE3B8A00E154E3 /* Products */,
				9AB4F82947A7457F9C61451A /* Pods.xcconfig */,
			);
			sourceTree = "<group>";
		};
		6A8CB6AD17CE3B8A00E154E3 /* Products */ = {
			isa = PBXGroup;
			children = (
				6A8CB6AC17CE3B8A00E154E3 /* TmbrQuote.app */,
				6A8CB6CD17CE3B8A00E154E3 /* TmbrQuoteTests.xctest */,
			);
			name = Products;
			sourceTree = "<group>";
		};
		6A8CB6AE17CE3B8A00E154E3 /* Frameworks */ = {
			isa = PBXGroup;
			children = (
				6A8CB6AF17CE3B8A00E154E3 /* Foundation.framework */,
				6A8CB6B117CE3B8A00E154E3 /* CoreGraphics.framework */,
				6A8CB6B317CE3B8A00E154E3 /* UIKit.framework */,
				6A8CB6CE17CE3B8A00E154E3 /* XCTest.framework */,
				BE820E82C1C44F5CA76510A5 /* libPods.a */,
			);
			name = Frameworks;
			sourceTree = "<group>";
		};
		6A8CB6B517CE3B8A00E154E3 /* TmbrQuote */ = {
			isa = PBXGroup;
			children = (
				6A8CB6BE17CE3B8A00E154E3 /* TQAppDelegate.h */,
				6A8CB6BF17CE3B8A00E154E3 /* TQAppDelegate.m */,
				6A2F8F3B17D1449400298FFE /* Constants.h */,
				6A2F8F3C17D1449400298FFE /* Constants.m */,
				6A530379182393C4007B25B2 /* SecretConstants.h */,
				6A53037A182393C4007B25B2 /* SecretConstants.m */,
				6A8CB6C117CE3B8A00E154E3 /* Main.storyboard */,
				6A14B57817D0C03700A4A454 /* ViewController */,
				6A14B57717D0C02700A4A454 /* Helper */,
				6A8CB6C717CE3B8A00E154E3 /* Images.xcassets */,
				6A8CB6B617CE3B8A00E154E3 /* Supporting Files */,
			);
			path = TmbrQuote;
			sourceTree = "<group>";
		};
		6A8CB6B617CE3B8A00E154E3 /* Supporting Files */ = {
			isa = PBXGroup;
			children = (
				6A8CB6B717CE3B8A00E154E3 /* TmbrQuote-Info.plist */,
				6A8CB6B817CE3B8A00E154E3 /* InfoPlist.strings */,
				6A8CB6BB17CE3B8A00E154E3 /* main.m */,
				6A8CB6BD17CE3B8A00E154E3 /* TmbrQuote-Prefix.pch */,
			);
			name = "Supporting Files";
			sourceTree = "<group>";
		};
		6A8CB6D417CE3B8A00E154E3 /* TmbrQuoteTests */ = {
			isa = PBXGroup;
			children = (
				6A8CB6DA17CE3B8A00E154E3 /* TmbrQuoteTests.m */,
				6A8CB6D517CE3B8A00E154E3 /* Supporting Files */,
			);
			path = TmbrQuoteTests;
			sourceTree = "<group>";
		};
		6A8CB6D517CE3B8A00E154E3 /* Supporting Files */ = {
			isa = PBXGroup;
			children = (
				6A8CB6D617CE3B8A00E154E3 /* TmbrQuoteTests-Info.plist */,
				6A8CB6D717CE3B8A00E154E3 /* InfoPlist.strings */,
			);
			name = "Supporting Files";
			sourceTree = "<group>";
		};
/* End PBXGroup section */

/* Begin PBXNativeTarget section */
		6A8CB6AB17CE3B8A00E154E3 /* TmbrQuote */ = {
			isa = PBXNativeTarget;
			buildConfigurationList = 6A8CB6DE17CE3B8A00E154E3 /* Build configuration list for PBXNativeTarget "TmbrQuote" */;
			buildPhases = (
				8244FCA908FF46C0B80BD805 /* Check Pods Manifest.lock */,
				6A8CB6A817CE3B8A00E154E3 /* Sources */,
				6A8CB6A917CE3B8A00E154E3 /* Frameworks */,
				6A8CB6AA17CE3B8A00E154E3 /* Resources */,
				2E7EAA0B670C4878BBA43B9E /* Copy Pods Resources */,
			);
			buildRules = (
			);
			dependencies = (
			);
			name = TmbrQuote;
			productName = TmbrQuote;
			productReference = 6A8CB6AC17CE3B8A00E154E3 /* TmbrQuote.app */;
			productType = "com.apple.product-type.application";
		};
		6A8CB6CC17CE3B8A00E154E3 /* TmbrQuoteTests */ = {
			isa = PBXNativeTarget;
			buildConfigurationList = 6A8CB6E117CE3B8A00E154E3 /* Build configuration list for PBXNativeTarget "TmbrQuoteTests" */;
			buildPhases = (
				6A8CB6C917CE3B8A00E154E3 /* Sources */,
				6A8CB6CA17CE3B8A00E154E3 /* Frameworks */,
				6A8CB6CB17CE3B8A00E154E3 /* Resources */,
			);
			buildRules = (
			);
			dependencies = (
				6A8CB6D317CE3B8A00E154E3 /* PBXTargetDependency */,
			);
			name = TmbrQuoteTests;
			productName = TmbrQuoteTests;
			productReference = 6A8CB6CD17CE3B8A00E154E3 /* TmbrQuoteTests.xctest */;
			productType = "com.apple.product-type.bundle.unit-test";
		};
/* End PBXNativeTarget section */

/* Begin PBXProject section */
		6A8CB6A417CE3B8A00E154E3 /* Project object */ = {
			isa = PBXProject;
			attributes = {
				CLASSPREFIX = TQ;
				LastUpgradeCheck = 0500;
				ORGANIZATIONNAME = "米山 隆貴";
				TargetAttributes = {
					6A8CB6AB17CE3B8A00E154E3 = {
						DevelopmentTeam = F924L6S3XL;
					};
					6A8CB6CC17CE3B8A00E154E3 = {
						TestTargetID = 6A8CB6AB17CE3B8A00E154E3;
					};
				};
			};
			buildConfigurationList = 6A8CB6A717CE3B8A00E154E3 /* Build configuration list for PBXProject "TmbrQuote" */;
			compatibilityVersion = "Xcode 3.2";
			developmentRegion = English;
			hasScannedForEncodings = 0;
			knownRegions = (
				en,
				Base,
			);
			mainGroup = 6A8CB6A317CE3B8A00E154E3;
			productRefGroup = 6A8CB6AD17CE3B8A00E154E3 /* Products */;
			projectDirPath = "";
			projectRoot = "";
			targets = (
				6A8CB6AB17CE3B8A00E154E3 /* TmbrQuote */,
				6A8CB6CC17CE3B8A00E154E3 /* TmbrQuoteTests */,
			);
		};
/* End PBXProject section */

/* Begin PBXResourcesBuildPhase section */
		6A8CB6AA17CE3B8A00E154E3 /* Resources */ = {
			isa = PBXResourcesBuildPhase;
			buildActionMask = 2147483647;
			files = (
				6A8CB6C817CE3B8A00E154E3 /* Images.xcassets in Resources */,
				6A8CB6BA17CE3B8A00E154E3 /* InfoPlist.strings in Resources */,
				6A8CB6C317CE3B8A00E154E3 /* Main.storyboard in Resources */,
			);
			runOnlyForDeploymentPostprocessing = 0;
		};
		6A8CB6CB17CE3B8A00E154E3 /* Resources */ = {
			isa = PBXResourcesBuildPhase;
			buildActionMask = 2147483647;
			files = (
				6A8CB6D917CE3B8A00E154E3 /* InfoPlist.strings in Resources */,
			);
			runOnlyForDeploymentPostprocessing = 0;
		};
/* End PBXResourcesBuildPhase section */

/* Begin PBXShellScriptBuildPhase section */
		2E7EAA0B670C4878BBA43B9E /* Copy Pods Resources */ = {
			isa = PBXShellScriptBuildPhase;
			buildActionMask = 2147483647;
			files = (
			);
			inputPaths = (
			);
			name = "Copy Pods Resources";
			outputPaths = (
			);
			runOnlyForDeploymentPostprocessing = 0;
			shellPath = /bin/sh;
			shellScript = "\"${SRCROOT}/Pods/Pods-resources.sh\"\n";
			showEnvVarsInLog = 0;
		};
		8244FCA908FF46C0B80BD805 /* Check Pods Manifest.lock */ = {
			isa = PBXShellScriptBuildPhase;
			buildActionMask = 2147483647;
			files = (
			);
			inputPaths = (
			);
			name = "Check Pods Manifest.lock";
			outputPaths = (
			);
			runOnlyForDeploymentPostprocessing = 0;
			shellPath = /bin/sh;
			shellScript = "diff \"${PODS_ROOT}/../Podfile.lock\" \"${PODS_ROOT}/Manifest.lock\" > /dev/null\nif [[ $? != 0 ]] ; then\n    cat << EOM\nerror: The sandbox is not in sync with the Podfile.lock. Run 'pod install' or update your CocoaPods installation.\nEOM\n    exit 1\nfi\n";
			showEnvVarsInLog = 0;
		};
/* End PBXShellScriptBuildPhase section */

/* Begin PBXSourcesBuildPhase section */
		6A8CB6A817CE3B8A00E154E3 /* Sources */ = {
			isa = PBXSourcesBuildPhase;
			buildActionMask = 2147483647;
			files = (
				6A3C061E17CEA1C700EEA73D /* TQWebViewController.m in Sources */,
				6A8CB6BC17CE3B8A00E154E3 /* main.m in Sources */,
				6A8CB6E617CE3D6D00E154E3 /* TQEditorViewController.m in Sources */,
				6A53037B182393C4007B25B2 /* SecretConstants.m in Sources */,
				6A8CB6C017CE3B8A00E154E3 /* TQAppDelegate.m in Sources */,
				6A14B57B17D0C07D00A4A454 /* TQTmbrManager.m in Sources */,
				6A2F8F3D17D1449400298FFE /* Constants.m in Sources */,
			);
			runOnlyForDeploymentPostprocessing = 0;
		};
		6A8CB6C917CE3B8A00E154E3 /* Sources */ = {
			isa = PBXSourcesBuildPhase;
			buildActionMask = 2147483647;
			files = (
				6A8CB6DB17CE3B8A00E154E3 /* TmbrQuoteTests.m in Sources */,
			);
			runOnlyForDeploymentPostprocessing = 0;
		};
/* End PBXSourcesBuildPhase section */

/* Begin PBXTargetDependency section */
		6A8CB6D317CE3B8A00E154E3 /* PBXTargetDependency */ = {
			isa = PBXTargetDependency;
			target = 6A8CB6AB17CE3B8A00E154E3 /* TmbrQuote */;
			targetProxy = 6A8CB6D217CE3B8A00E154E3 /* PBXContainerItemProxy */;
		};
/* End PBXTargetDependency section */

/* Begin PBXVariantGroup section */
		6A8CB6B817CE3B8A00E154E3 /* InfoPlist.strings */ = {
			isa = PBXVariantGroup;
			children = (
				6A8CB6B917CE3B8A00E154E3 /* en */,
			);
			name = InfoPlist.strings;
			sourceTree = "<group>";
		};
		6A8CB6C117CE3B8A00E154E3 /* Main.storyboard */ = {
			isa = PBXVariantGroup;
			children = (
				6A8CB6C217CE3B8A00E154E3 /* Base */,
			);
			name = Main.storyboard;
			sourceTree = "<group>";
		};
		6A8CB6D717CE3B8A00E154E3 /* InfoPlist.strings */ = {
			isa = PBXVariantGroup;
			children = (
				6A8CB6D817CE3B8A00E154E3 /* en */,
			);
			name = InfoPlist.strings;
			sourceTree = "<group>";
		};
/* End PBXVariantGroup section */

/* Begin XCBuildConfiguration section */
		6A8CB6DC17CE3B8A00E154E3 /* Debug */ = {
			isa = XCBuildConfiguration;
			buildSettings = {
				ALWAYS_SEARCH_USER_PATHS = NO;
				ARCHS = "$(ARCHS_STANDARD)";
				CLANG_CXX_LANGUAGE_STANDARD = "gnu++0x";
				CLANG_CXX_LIBRARY = "libc++";
				CLANG_ENABLE_MODULES = YES;
				CLANG_ENABLE_OBJC_ARC = YES;
				CLANG_WARN_BOOL_CONVERSION = YES;
				CLANG_WARN_CONSTANT_CONVERSION = YES;
				CLANG_WARN_DIRECT_OBJC_ISA_USAGE = YES_ERROR;
				CLANG_WARN_EMPTY_BODY = YES;
				CLANG_WARN_ENUM_CONVERSION = YES;
				CLANG_WARN_INT_CONVERSION = YES;
				CLANG_WARN_OBJC_ROOT_CLASS = YES_ERROR;
				CLANG_WARN__DUPLICATE_METHOD_MATCH = YES;
				CODE_SIGN_IDENTITY = "iPhone Developer";
				"CODE_SIGN_IDENTITY[sdk=iphoneos*]" = "iPhone Developer";
				COPY_PHASE_STRIP = NO;
				GCC_C_LANGUAGE_STANDARD = gnu99;
				GCC_DYNAMIC_NO_PIC = NO;
				GCC_OPTIMIZATION_LEVEL = 0;
				GCC_PREPROCESSOR_DEFINITIONS = (
					"DEBUG=1",
					"$(inherited)",
				);
				GCC_SYMBOLS_PRIVATE_EXTERN = NO;
				GCC_WARN_ABOUT_RETURN_TYPE = YES_ERROR;
				GCC_WARN_UNDECLARED_SELECTOR = YES;
				GCC_WARN_UNINITIALIZED_AUTOS = YES;
				GCC_WARN_UNUSED_FUNCTION = YES;
				GCC_WARN_UNUSED_VARIABLE = YES;
				IPHONEOS_DEPLOYMENT_TARGET = 6.0;
				ONLY_ACTIVE_ARCH = YES;
				SDKROOT = iphoneos;
			};
			name = Debug;
		};
		6A8CB6DD17CE3B8A00E154E3 /* Release */ = {
			isa = XCBuildConfiguration;
			buildSettings = {
				ALWAYS_SEARCH_USER_PATHS = NO;
				ARCHS = "$(ARCHS_STANDARD)";
				CLANG_CXX_LANGUAGE_STANDARD = "gnu++0x";
				CLANG_CXX_LIBRARY = "libc++";
				CLANG_ENABLE_MODULES = YES;
				CLANG_ENABLE_OBJC_ARC = YES;
				CLANG_WARN_BOOL_CONVERSION = YES;
				CLANG_WARN_CONSTANT_CONVERSION = YES;
				CLANG_WARN_DIRECT_OBJC_ISA_USAGE = YES_ERROR;
				CLANG_WARN_EMPTY_BODY = YES;
				CLANG_WARN_ENUM_CONVERSION = YES;
				CLANG_WARN_INT_CONVERSION = YES;
				CLANG_WARN_OBJC_ROOT_CLASS = YES_ERROR;
				CLANG_WARN__DUPLICATE_METHOD_MATCH = YES;
				CODE_SIGN_IDENTITY = "iPhone Developer";
				"CODE_SIGN_IDENTITY[sdk=iphoneos*]" = "iPhone Developer";
				COPY_PHASE_STRIP = YES;
				ENABLE_NS_ASSERTIONS = NO;
				GCC_C_LANGUAGE_STANDARD = gnu99;
				GCC_WARN_ABOUT_RETURN_TYPE = YES_ERROR;
				GCC_WARN_UNDECLARED_SELECTOR = YES;
				GCC_WARN_UNINITIALIZED_AUTOS = YES;
				GCC_WARN_UNUSED_FUNCTION = YES;
				GCC_WARN_UNUSED_VARIABLE = YES;
				IPHONEOS_DEPLOYMENT_TARGET = 6.0;
				SDKROOT = iphoneos;
				VALIDATE_PRODUCT = YES;
			};
			name = Release;
		};
		6A8CB6DF17CE3B8A00E154E3 /* Debug */ = {
			isa = XCBuildConfiguration;
			baseConfigurationReference = 9AB4F82947A7457F9C61451A /* Pods.xcconfig */;
			buildSettings = {
				ARCHS = "$(ARCHS_STANDARD)";
				ASSETCATALOG_COMPILER_APPICON_NAME = AppIcon;
				ASSETCATALOG_COMPILER_LAUNCHIMAGE_NAME = LaunchImage;
				CODE_SIGN_IDENTITY = "iPhone Developer";
				"CODE_SIGN_IDENTITY[sdk=iphoneos*]" = "iPhone Developer";
				GCC_PRECOMPILE_PREFIX_HEADER = YES;
				GCC_PREFIX_HEADER = "TmbrQuote/TmbrQuote-Prefix.pch";
				INFOPLIST_FILE = "TmbrQuote/TmbrQuote-Info.plist";
				PRODUCT_NAME = "$(TARGET_NAME)";
				PROVISIONING_PROFILE = "";
				WRAPPER_EXTENSION = app;
			};
			name = Debug;
		};
		6A8CB6E017CE3B8A00E154E3 /* Release */ = {
			isa = XCBuildConfiguration;
			baseConfigurationReference = 9AB4F82947A7457F9C61451A /* Pods.xcconfig */;
			buildSettings = {
				ARCHS = "$(ARCHS_STANDARD)";
				ASSETCATALOG_COMPILER_APPICON_NAME = AppIcon;
				ASSETCATALOG_COMPILER_LAUNCHIMAGE_NAME = LaunchImage;
				CODE_SIGN_IDENTITY = "iPhone Developer";
				"CODE_SIGN_IDENTITY[sdk=iphoneos*]" = "iPhone Developer";
				GCC_PRECOMPILE_PREFIX_HEADER = YES;
				GCC_PREFIX_HEADER = "TmbrQuote/TmbrQuote-Prefix.pch";
				INFOPLIST_FILE = "TmbrQuote/TmbrQuote-Info.plist";
				PRODUCT_NAME = "$(TARGET_NAME)";
				PROVISIONING_PROFILE = "";
				WRAPPER_EXTENSION = app;
			};
			name = Release;
		};
		6A8CB6E217CE3B8A00E154E3 /* Debug */ = {
			isa = XCBuildConfiguration;
			buildSettings = {
				BUNDLE_LOADER = "$(BUILT_PRODUCTS_DIR)/TmbrQuote.app/TmbrQuote";
				FRAMEWORK_SEARCH_PATHS = (
					"$(SDKROOT)/Developer/Library/Frameworks",
					"$(inherited)",
					"$(DEVELOPER_FRAMEWORKS_DIR)",
				);
				GCC_PRECOMPILE_PREFIX_HEADER = YES;
				GCC_PREFIX_HEADER = "TmbrQuote/TmbrQuote-Prefix.pch";
				GCC_PREPROCESSOR_DEFINITIONS = (
					"DEBUG=1",
					"$(inherited)",
				);
				INFOPLIST_FILE = "TmbrQuoteTests/TmbrQuoteTests-Info.plist";
				PRODUCT_NAME = "$(TARGET_NAME)";
				TEST_HOST = "$(BUNDLE_LOADER)";
				WRAPPER_EXTENSION = xctest;
			};
			name = Debug;
		};
		6A8CB6E317CE3B8A00E154E3 /* Release */ = {
			isa = XCBuildConfiguration;
			buildSettings = {
				BUNDLE_LOADER = "$(BUILT_PRODUCTS_DIR)/TmbrQuote.app/TmbrQuote";
				FRAMEWORK_SEARCH_PATHS = (
					"$(SDKROOT)/Developer/Library/Frameworks",
					"$(inherited)",
					"$(DEVELOPER_FRAMEWORKS_DIR)",
				);
				GCC_PRECOMPILE_PREFIX_HEADER = YES;
				GCC_PREFIX_HEADER = "TmbrQuote/TmbrQuote-Prefix.pch";
				INFOPLIST_FILE = "TmbrQuoteTests/TmbrQuoteTests-Info.plist";
				PRODUCT_NAME = "$(TARGET_NAME)";
				TEST_HOST = "$(BUNDLE_LOADER)";
				WRAPPER_EXTENSION = xctest;
			};
			name = Release;
		};
/* End XCBuildConfiguration section */

/* Begin XCConfigurationList section */
		6A8CB6A717CE3B8A00E154E3 /* Build configuration list for PBXProject "TmbrQuote" */ = {
			isa = XCConfigurationList;
			buildConfigurations = (
				6A8CB6DC17CE3B8A00E154E3 /* Debug */,
				6A8CB6DD17CE3B8A00E154E3 /* Release */,
			);
			defaultConfigurationIsVisible = 0;
			defaultConfigurationName = Release;
		};
		6A8CB6DE17CE3B8A00E154E3 /* Build configuration list for PBXNativeTarget "TmbrQuote" */ = {
			isa = XCConfigurationList;
			buildConfigurations = (
				6A8CB6DF17CE3B8A00E154E3 /* Debug */,
				6A8CB6E017CE3B8A00E154E3 /* Release */,
			);
			defaultConfigurationIsVisible = 0;
			defaultConfigurationName = Release;
		};
		6A8CB6E117CE3B8A00E154E3 /* Build configuration list for PBXNativeTarget "TmbrQuoteTests" */ = {
			isa = XCConfigurationList;
			buildConfigurations = (
				6A8CB6E217CE3B8A00E154E3 /* Debug */,
				6A8CB6E317CE3B8A00E154E3 /* Release */,
			);
			defaultConfigurationIsVisible = 0;
			defaultConfigurationName = Release;
		};
/* End XCConfigurationList section */
	};
	rootObject = 6A8CB6A417CE3B8A00E154E3 /* Project object */;
}
